
Microsoft Visual Studio Solution File, Format Version 12.00
# Visual Studio Version 17
VisualStudioVersion = 17.9.34728.123
MinimumVisualStudioVersion = 10.0.40219.1
Project("{FAE04EC0-301F-11D3-BF4B-00C04F79EFBC}") = "CSBasicsAss 05", "CSBasicsAss 05\CSBasicsAss 05.csproj", "{83398D67-1429-47FF-956D-342E11A006F8}"
EndProject
Global
	GlobalSection(SolutionConfigurationPlatforms) = preSolution
		Debug|Any CPU = Debug|Any CPU
		Release|Any CPU = Release|Any CPU
	EndGlobalSection
	GlobalSection(ProjectConfigurationPlatforms) = postSolution
		{83398D67-1429-47FF-956D-342E11A006F8}.Debug|Any CPU.ActiveCfg = Debug|Any CPU
		{83398D67-1429-47FF-956D-342E11A006F8}.Debug|Any CPU.Build.0 = Debug|Any CPU
		{83398D67-1429-47FF-956D-342E11A006F8}.Release|Any CPU.ActiveCfg = Release|Any CPU
		{83398D67-1429-47FF-956D-342E11A006F8}.Release|Any CPU.Build.0 = Release|Any CPU
	EndGlobalSection
	GlobalSection(SolutionProperties) = preSolution
		HideSolutionNode = FALSE
	EndGlobalSection
	GlobalSection(ExtensibilityGlobals) = postSolution
		SolutionGuid = {7FFC0B1A-A098-4CD1-BD85-3E5321DE432D}
	EndGlobalSection
EndGlobal
